
Microsoft Visual Studio Solution File, Format Version 12.00
# Visual Studio 15
Project("{FAE04EC0-301F-11D3-BF4B-00C04F79EFBC}") = "Assembly-CSharp", "Assembly-CSharp.csproj", "{D066C774-5DF2-454B-33F7-6EAADA5F7833}"
EndProject
Project("{FAE04EC0-301F-11D3-BF4B-00C04F79EFBC}") = "Assembly-CSharp-Editor", "Assembly-CSharp-Editor.csproj", "{A2695566-15DC-28DC-1847-AB020AF21409}"
EndProject
Global
	GlobalSection(SolutionConfigurationPlatforms) = preSolution
		Debug|Any CPU = Debug|Any CPU
		Release|Any CPU = Release|Any CPU
	EndGlobalSection
	GlobalSection(ProjectConfigurationPlatforms) = postSolution
		{D066C774-5DF2-454B-33F7-6EAADA5F7833}.Debug|Any CPU.ActiveCfg = Debug|Any CPU
		{D066C774-5DF2-454B-33F7-6EAADA5F7833}.Debug|Any CPU.Build.0 = Debug|Any CPU
		{D066C774-5DF2-454B-33F7-6EAADA5F7833}.Release|Any CPU.ActiveCfg = Release|Any CPU
		{D066C774-5DF2-454B-33F7-6EAADA5F7833}.Release|Any CPU.Build.0 = Release|Any CPU
		{A2695566-15DC-28DC-1847-AB020AF21409}.Debug|Any CPU.ActiveCfg = Debug|Any CPU
		{A2695566-15DC-28DC-1847-AB020AF21409}.Debug|Any CPU.Build.0 = Debug|Any CPU
		{A2695566-15DC-28DC-1847-AB020AF21409}.Release|Any CPU.ActiveCfg = Release|Any CPU
		{A2695566-15DC-28DC-1847-AB020AF21409}.Release|Any CPU.Build.0 = Release|Any CPU
	EndGlobalSection
	GlobalSection(SolutionProperties) = preSolution
		HideSolutionNode = FALSE
	EndGlobalSection
EndGlobal
